// !$*UTF8*$!
{
	archiveVersion = 1;
	classes = {
	};
	objectVersion = 46;
	objects = {

/* Begin PBXBuildFile section */
		F2602648173E95BA00149D25 /* UIKit.framework in Frameworks */ = {isa = PBXBuildFile; fileRef = F2602647173E95BA00149D25 /* UIKit.framework */; };
		F260264A173E95BA00149D25 /* Foundation.framework in Frameworks */ = {isa = PBXBuildFile; fileRef = F2602649173E95BA00149D25 /* Foundation.framework */; };
		F260264C173E95BA00149D25 /* CoreGraphics.framework in Frameworks */ = {isa = PBXBuildFile; fileRef = F260264B173E95BA00149D25 /* CoreGraphics.framework */; };
		F2602652173E95BA00149D25 /* InfoPlist.strings in Resources */ = {isa = PBXBuildFile; fileRef = F2602650173E95BA00149D25 /* InfoPlist.strings */; };
		F2602654173E95BA00149D25 /* main.m in Sources */ = {isa = PBXBuildFile; fileRef = F2602653173E95BA00149D25 /* main.m */; };
		F2602658173E95BA00149D25 /* PictureListAppDelegate.m in Sources */ = {isa = PBXBuildFile; fileRef = F2602657173E95BA00149D25 /* PictureListAppDelegate.m */; };
		F260265A173E95BA00149D25 /* Default.png in Resources */ = {isa = PBXBuildFile; fileRef = F2602659173E95BA00149D25 /* Default.png */; };
		F260265C173E95BA00149D25 /* Default@2x.png in Resources */ = {isa = PBXBuildFile; fileRef = F260265B173E95BA00149D25 /* Default@2x.png */; };
		F260265E173E95BA00149D25 /* Default-568h@2x.png in Resources */ = {isa = PBXBuildFile; fileRef = F260265D173E95BA00149D25 /* Default-568h@2x.png */; };
		F2602661173E95BA00149D25 /* MainStoryboard.storyboard in Resources */ = {isa = PBXBuildFile; fileRef = F260265F173E95BA00149D25 /* MainStoryboard.storyboard */; };
		F2602664173E95BA00149D25 /* PictureListMasterViewController.m in Sources */ = {isa = PBXBuildFile; fileRef = F2602663173E95BA00149D25 /* PictureListMasterViewController.m */; };
		F2602667173E95BA00149D25 /* PictureListDetailViewController.m in Sources */ = {isa = PBXBuildFile; fileRef = F2602666173E95BA00149D25 /* PictureListDetailViewController.m */; };
		F2602671173EA12100149D25 /* CoreLocation.framework in Frameworks */ = {isa = PBXBuildFile; fileRef = F2602670173EA12100149D25 /* CoreLocation.framework */; };
		F2602674173EA1D500149D25 /* CoreLocationController.m in Sources */ = {isa = PBXBuildFile; fileRef = F2602673173EA1D500149D25 /* CoreLocationController.m */; };
		F2602677173EA67C00149D25 /* PictureDataController.m in Sources */ = {isa = PBXBuildFile; fileRef = F2602676173EA67C00149D25 /* PictureDataController.m */; };
		F260267A173EBEEA00149D25 /* Picture.m in Sources */ = {isa = PBXBuildFile; fileRef = F2602679173EBEEA00149D25 /* Picture.m */; };
/* End PBXBuildFile section */

/* Begin PBXFileReference section */
		F2602644173E95BA00149D25 /* PictureHunter.app */ = {isa = PBXFileReference; explicitFileType = wrapper.application; includeInIndex = 0; path = PictureHunter.app; sourceTree = BUILT_PRODUCTS_DIR; };
		F2602647173E95BA00149D25 /* UIKit.framework */ = {isa = PBXFileReference; lastKnownFileType = wrapper.framework; name = UIKit.framework; path = System/Library/Frameworks/UIKit.framework; sourceTree = SDKROOT; };
		F2602649173E95BA00149D25 /* Foundation.framework */ = {isa = PBXFileReference; lastKnownFileType = wrapper.framework; name = Foundation.framework; path = System/Library/Frameworks/Foundation.framework; sourceTree = SDKROOT; };
		F260264B173E95BA00149D25 /* CoreGraphics.framework */ = {isa = PBXFileReference; lastKnownFileType = wrapper.framework; name = CoreGraphics.framework; path = System/Library/Frameworks/CoreGraphics.framework; sourceTree = SDKROOT; };
		F260264F173E95BA00149D25 /* PictureHunter-Info.plist */ = {isa = PBXFileReference; lastKnownFileType = text.plist.xml; path = "PictureHunter-Info.plist"; sourceTree = "<group>"; };
		F2602651173E95BA00149D25 /* en */ = {isa = PBXFileReference; lastKnownFileType = text.plist.strings; name = en; path = en.lproj/InfoPlist.strings; sourceTree = "<group>"; };
		F2602653173E95BA00149D25 /* main.m */ = {isa = PBXFileReference; lastKnownFileType = sourcecode.c.objc; path = main.m; sourceTree = "<group>"; };
		F2602655173E95BA00149D25 /* PictureHunter-Prefix.pch */ = {isa = PBXFileReference; lastKnownFileType = sourcecode.c.h; path = "PictureHunter-Prefix.pch"; sourceTree = "<group>"; };
		F2602656173E95BA00149D25 /* PictureListAppDelegate.h */ = {isa = PBXFileReference; lastKnownFileType = sourcecode.c.h; path = PictureListAppDelegate.h; sourceTree = "<group>"; };
		F2602657173E95BA00149D25 /* PictureListAppDelegate.m */ = {isa = PBXFileReference; lastKnownFileType = sourcecode.c.objc; path = PictureListAppDelegate.m; sourceTree = "<group>"; };
		F2602659173E95BA00149D25 /* Default.png */ = {isa = PBXFileReference; lastKnownFileType = image.png; path = Default.png; sourceTree = "<group>"; };
		F260265B173E95BA00149D25 /* Default@2x.png */ = {isa = PBXFileReference; lastKnownFileType = image.png; path = "Default@2x.png"; sourceTree = "<group>"; };
		F260265D173E95BA00149D25 /* Default-568h@2x.png */ = {isa = PBXFileReference; lastKnownFileType = image.png; path = "Default-568h@2x.png"; sourceTree = "<group>"; };
		F2602660173E95BA00149D25 /* en */ = {isa = PBXFileReference; lastKnownFileType = file.storyboard; name = en; path = en.lproj/MainStoryboard.storyboard; sourceTree = "<group>"; };
		F2602662173E95BA00149D25 /* PictureListMasterViewController.h */ = {isa = PBXFileReference; lastKnownFileType = sourcecode.c.h; path = PictureListMasterViewController.h; sourceTree = "<group>"; };
		F2602663173E95BA00149D25 /* PictureListMasterViewController.m */ = {isa = PBXFileReference; lastKnownFileType = sourcecode.c.objc; path = PictureListMasterViewController.m; sourceTree = "<group>"; };
		F2602665173E95BA00149D25 /* PictureListDetailViewController.h */ = {isa = PBXFileReference; lastKnownFileType = sourcecode.c.h; path = PictureListDetailViewController.h; sourceTree = "<group>"; };
		F2602666173E95BA00149D25 /* PictureListDetailViewController.m */ = {isa = PBXFileReference; lastKnownFileType = sourcecode.c.objc; path = PictureListDetailViewController.m; sourceTree = "<group>"; };
		F2602670173EA12100149D25 /* CoreLocation.framework */ = {isa = PBXFileReference; lastKnownFileType = wrapper.framework; name = CoreLocation.framework; path = System/Library/Frameworks/CoreLocation.framework; sourceTree = SDKROOT; };
		F2602672173EA1D500149D25 /* CoreLocationController.h */ = {isa = PBXFileReference; fileEncoding = 4; lastKnownFileType = sourcecode.c.h; path = CoreLocationController.h; sourceTree = "<group>"; };
		F2602673173EA1D500149D25 /* CoreLocationController.m */ = {isa = PBXFileReference; fileEncoding = 4; lastKnownFileType = sourcecode.c.objc; path = CoreLocationController.m; sourceTree = "<group>"; };
		F2602675173EA67C00149D25 /* PictureDataController.h */ = {isa = PBXFileReference; fileEncoding = 4; lastKnownFileType = sourcecode.c.h; path = PictureDataController.h; sourceTree = "<group>"; };
		F2602676173EA67C00149D25 /* PictureDataController.m */ = {isa = PBXFileReference; fileEncoding = 4; lastKnownFileType = sourcecode.c.objc; path = PictureDataController.m; sourceTree = "<group>"; };
		F2602678173EBEEA00149D25 /* Picture.h */ = {isa = PBXFileReference; fileEncoding = 4; lastKnownFileType = sourcecode.c.h; path = Picture.h; sourceTree = "<group>"; };
		F2602679173EBEEA00149D25 /* Picture.m */ = {isa = PBXFileReference; fileEncoding = 4; lastKnownFileType = sourcecode.c.objc; path = Picture.m; sourceTree = "<group>"; };
/* End PBXFileReference section */

/* Begin PBXFrameworksBuildPhase section */
		F2602641173E95BA00149D25 /* Frameworks */ = {
			isa = PBXFrameworksBuildPhase;
			buildActionMask = 2147483647;
			files = (
				F2602671173EA12100149D25 /* CoreLocation.framework in Frameworks */,
				F2602648173E95BA00149D25 /* UIKit.framework in Frameworks */,
				F260264A173E95BA00149D25 /* Foundation.framework in Frameworks */,
				F260264C173E95BA00149D25 /* CoreGraphics.framework in Frameworks */,
			);
			runOnlyForDeploymentPostprocessing = 0;
		};
/* End PBXFrameworksBuildPhase section */

/* Begin PBXGroup section */
		F260263B173E95BA00149D25 = {
			isa = PBXGroup;
			children = (
				F2602670173EA12100149D25 /* CoreLocation.framework */,
				F260264D173E95BA00149D25 /* PictureHunter */,
				F2602646173E95BA00149D25 /* Frameworks */,
				F2602645173E95BA00149D25 /* Products */,
			);
			sourceTree = "<group>";
		};
		F2602645173E95BA00149D25 /* Products */ = {
			isa = PBXGroup;
			children = (
				F2602644173E95BA00149D25 /* PictureHunter.app */,
			);
			name = Products;
			sourceTree = "<group>";
		};
		F2602646173E95BA00149D25 /* Frameworks */ = {
			isa = PBXGroup;
			children = (
				F2602647173E95BA00149D25 /* UIKit.framework */,
				F2602649173E95BA00149D25 /* Foundation.framework */,
				F260264B173E95BA00149D25 /* CoreGraphics.framework */,
			);
			name = Frameworks;
			sourceTree = "<group>";
		};
		F260264D173E95BA00149D25 /* PictureHunter */ = {
			isa = PBXGroup;
			children = (
				F2602656173E95BA00149D25 /* PictureListAppDelegate.h */,
				F2602678173EBEEA00149D25 /* Picture.h */,
				F2602679173EBEEA00149D25 /* Picture.m */,
				F2602657173E95BA00149D25 /* PictureListAppDelegate.m */,
				F260265F173E95BA00149D25 /* MainStoryboard.storyboard */,
				F2602662173E95BA00149D25 /* PictureListMasterViewController.h */,
				F2602663173E95BA00149D25 /* PictureListMasterViewController.m */,
				F2602665173E95BA00149D25 /* PictureListDetailViewController.h */,
				F2602666173E95BA00149D25 /* PictureListDetailViewController.m */,
				F260264E173E95BA00149D25 /* Supporting Files */,
				F2602672173EA1D500149D25 /* CoreLocationController.h */,
				F2602673173EA1D500149D25 /* CoreLocationController.m */,
				F2602675173EA67C00149D25 /* PictureDataController.h */,
				F2602676173EA67C00149D25 /* PictureDataController.m */,
			);
			path = PictureHunter;
			sourceTree = "<group>";
		};
		F260264E173E95BA00149D25 /* Supporting Files */ = {
			isa = PBXGroup;
			children = (
				F260264F173E95BA00149D25 /* PictureHunter-Info.plist */,
				F2602650173E95BA00149D25 /* InfoPlist.strings */,
				F2602653173E95BA00149D25 /* main.m */,
				F2602655173E95BA00149D25 /* PictureHunter-Prefix.pch */,
				F2602659173E95BA00149D25 /* Default.png */,
				F260265B173E95BA00149D25 /* Default@2x.png */,
				F260265D173E95BA00149D25 /* Default-568h@2x.png */,
			);
			name = "Supporting Files";
			sourceTree = "<group>";
		};
/* End PBXGroup section */

/* Begin PBXNativeTarget section */
		F2602643173E95BA00149D25 /* PictureHunter */ = {
			isa = PBXNativeTarget;
			buildConfigurationList = F260266A173E95BA00149D25 /* Build configuration list for PBXNativeTarget "PictureHunter" */;
			buildPhases = (
				F2602640173E95BA00149D25 /* Sources */,
				F2602641173E95BA00149D25 /* Frameworks */,
				F2602642173E95BA00149D25 /* Resources */,
			);
			buildRules = (
			);
			dependencies = (
			);
			name = PictureHunter;
			productName = PictureHunter;
			productReference = F2602644173E95BA00149D25 /* PictureHunter.app */;
			productType = "com.apple.product-type.application";
		};
/* End PBXNativeTarget section */

/* Begin PBXProject section */
		F260263C173E95BA00149D25 /* Project object */ = {
			isa = PBXProject;
			attributes = {
				CLASSPREFIX = PictureList;
				LastUpgradeCheck = 0460;
				ORGANIZATIONNAME = "Alvaro Pereda";
			};
			buildConfigurationList = F260263F173E95BA00149D25 /* Build configuration list for PBXProject "PictureHunter" */;
			compatibilityVersion = "Xcode 3.2";
			developmentRegion = English;
			hasScannedForEncodings = 0;
			knownRegions = (
				en,
			);
			mainGroup = F260263B173E95BA00149D25;
			productRefGroup = F2602645173E95BA00149D25 /* Products */;
			projectDirPath = "";
			projectRoot = "";
			targets = (
				F2602643173E95BA00149D25 /* PictureHunter */,
			);
		};
/* End PBXProject section */

/* Begin PBXResourcesBuildPhase section */
		F2602642173E95BA00149D25 /* Resources */ = {
			isa = PBXResourcesBuildPhase;
			buildActionMask = 2147483647;
			files = (
				F2602652173E95BA00149D25 /* InfoPlist.strings in Resources */,
				F260265A173E95BA00149D25 /* Default.png in Resources */,
				F260265C173E95BA00149D25 /* Default@2x.png in Resources */,
				F260265E173E95BA00149D25 /* Default-568h@2x.png in Resources */,
				F2602661173E95BA00149D25 /* MainStoryboard.storyboard in Resources */,
			);
			runOnlyForDeploymentPostprocessing = 0;
		};
/* End PBXResourcesBuildPhase section */

/* Begin PBXSourcesBuildPhase section */
		F2602640173E95BA00149D25 /* Sources */ = {
			isa = PBXSourcesBuildPhase;
			buildActionMask = 2147483647;
			files = (
				F2602654173E95BA00149D25 /* main.m in Sources */,
				F2602658173E95BA00149D25 /* PictureListAppDelegate.m in Sources */,
				F2602664173E95BA00149D25 /* PictureListMasterViewController.m in Sources */,
				F2602667173E95BA00149D25 /* PictureListDetailViewController.m in Sources */,
				F2602674173EA1D500149D25 /* CoreLocationController.m in Sources */,
				F2602677173EA67C00149D25 /* PictureDataController.m in Sources */,
				F260267A173EBEEA00149D25 /* Picture.m in Sources */,
			);
			runOnlyForDeploymentPostprocessing = 0;
		};
/* End PBXSourcesBuildPhase section */

/* Begin PBXVariantGroup section */
		F2602650173E95BA00149D25 /* InfoPlist.strings */ = {
			isa = PBXVariantGroup;
			children = (
				F2602651173E95BA00149D25 /* en */,
			);
			name = InfoPlist.strings;
			sourceTree = "<group>";
		};
		F260265F173E95BA00149D25 /* MainStoryboard.storyboard */ = {
			isa = PBXVariantGroup;
			children = (
				F2602660173E95BA00149D25 /* en */,
			);
			name = MainStoryboard.storyboard;
			sourceTree = "<group>";
		};
/* End PBXVariantGroup section */

/* Begin XCBuildConfiguration section */
		F2602668173E95BA00149D25 /* Debug */ = {
			isa = XCBuildConfiguration;
			buildSettings = {
				ALWAYS_SEARCH_USER_PATHS = NO;
				CLANG_CXX_LANGUAGE_STANDARD = "gnu++0x";
				CLANG_CXX_LIBRARY = "libc++";
				CLANG_ENABLE_OBJC_ARC = YES;
				CLANG_WARN_CONSTANT_CONVERSION = YES;
				CLANG_WARN_EMPTY_BODY = YES;
				CLANG_WARN_ENUM_CONVERSION = YES;
				CLANG_WARN_INT_CONVERSION = YES;
				CLANG_WARN__DUPLICATE_METHOD_MATCH = YES;
				"CODE_SIGN_IDENTITY[sdk=iphoneos*]" = "iPhone Developer";
				COPY_PHASE_STRIP = NO;
				GCC_C_LANGUAGE_STANDARD = gnu99;
				GCC_DYNAMIC_NO_PIC = NO;
				GCC_OPTIMIZATION_LEVEL = 0;
				GCC_PREPROCESSOR_DEFINITIONS = (
					"DEBUG=1",
					"$(inherited)",
				);
				GCC_SYMBOLS_PRIVATE_EXTERN = NO;
				GCC_WARN_ABOUT_RETURN_TYPE = YES;
				GCC_WARN_UNINITIALIZED_AUTOS = YES;
				GCC_WARN_UNUSED_VARIABLE = YES;
				IPHONEOS_DEPLOYMENT_TARGET = 6.1;
				ONLY_ACTIVE_ARCH = YES;
				SDKROOT = iphoneos;
			};
			name = Debug;
		};
		F2602669173E95BA00149D25 /* Release */ = {
			isa = XCBuildConfiguration;
			buildSettings = {
				ALWAYS_SEARCH_USER_PATHS = NO;
				CLANG_CXX_LANGUAGE_STANDARD = "gnu++0x";
				CLANG_CXX_LIBRARY = "libc++";
				CLANG_ENABLE_OBJC_ARC = YES;
				CLANG_WARN_CONSTANT_CONVERSION = YES;
				CLANG_WARN_EMPTY_BODY = YES;
				CLANG_WARN_ENUM_CONVERSION = YES;
				CLANG_WARN_INT_CONVERSION = YES;
				CLANG_WARN__DUPLICATE_METHOD_MATCH = YES;
				"CODE_SIGN_IDENTITY[sdk=iphoneos*]" = "iPhone Developer";
				COPY_PHASE_STRIP = YES;
				GCC_C_LANGUAGE_STANDARD = gnu99;
				GCC_WARN_ABOUT_RETURN_TYPE = YES;
				GCC_WARN_UNINITIALIZED_AUTOS = YES;
				GCC_WARN_UNUSED_VARIABLE = YES;
				IPHONEOS_DEPLOYMENT_TARGET = 6.1;
				OTHER_CFLAGS = "-DNS_BLOCK_ASSERTIONS=1";
				SDKROOT = iphoneos;
				VALIDATE_PRODUCT = YES;
			};
			name = Release;
		};
		F260266B173E95BA00149D25 /* Debug */ = {
			isa = XCBuildConfiguration;
			buildSettings = {
				GCC_PRECOMPILE_PREFIX_HEADER = YES;
				GCC_PREFIX_HEADER = "PictureHunter/PictureHunter-Prefix.pch";
				INFOPLIST_FILE = "PictureHunter/PictureHunter-Info.plist";
				PRODUCT_NAME = "$(TARGET_NAME)";
				WRAPPER_EXTENSION = app;
			};
			name = Debug;
		};
		F260266C173E95BA00149D25 /* Release */ = {
			isa = XCBuildConfiguration;
			buildSettings = {
				GCC_PRECOMPILE_PREFIX_HEADER = YES;
				GCC_PREFIX_HEADER = "PictureHunter/PictureHunter-Prefix.pch";
				INFOPLIST_FILE = "PictureHunter/PictureHunter-Info.plist";
				PRODUCT_NAME = "$(TARGET_NAME)";
				WRAPPER_EXTENSION = app;
			};
			name = Release;
		};
/* End XCBuildConfiguration section */

/* Begin XCConfigurationList section */
		F260263F173E95BA00149D25 /* Build configuration list for PBXProject "PictureHunter" */ = {
			isa = XCConfigurationList;
			buildConfigurations = (
				F2602668173E95BA00149D25 /* Debug */,
				F2602669173E95BA00149D25 /* Release */,
			);
			defaultConfigurationIsVisible = 0;
			defaultConfigurationName = Release;
		};
		F260266A173E95BA00149D25 /* Build configuration list for PBXNativeTarget "PictureHunter" */ = {
			isa = XCConfigurationList;
			buildConfigurations = (
				F260266B173E95BA00149D25 /* Debug */,
				F260266C173E95BA00149D25 /* Release */,
			);
			defaultConfigurationIsVisible = 0;
		};
/* End XCConfigurationList section */
	};
	rootObject = F260263C173E95BA00149D25 /* Project object */;
}
